
Microsoft Visual Studio Solution File, Format Version 12.00
# Visual Studio Version 16
VisualStudioVersion = 16.0.30717.126
MinimumVisualStudioVersion = 10.0.40219.1
Project("{FAE04EC0-301F-11D3-BF4B-00C04F79EFBC}") = "CalculoMasaCorporal", "CalculoMasaCorporal\CalculoMasaCorporal.csproj", "{65724DB4-C273-4BA5-8220-9EC46F245059}"
EndProject
Global
	GlobalSection(SolutionConfigurationPlatforms) = preSolution
		Debug|Any CPU = Debug|Any CPU
		Release|Any CPU = Release|Any CPU
	EndGlobalSection
	GlobalSection(ProjectConfigurationPlatforms) = postSolution
		{65724DB4-C273-4BA5-8220-9EC46F245059}.Debug|Any CPU.ActiveCfg = Debug|Any CPU
		{65724DB4-C273-4BA5-8220-9EC46F245059}.Debug|Any CPU.Build.0 = Debug|Any CPU
		{65724DB4-C273-4BA5-8220-9EC46F245059}.Release|Any CPU.ActiveCfg = Release|Any CPU
		{65724DB4-C273-4BA5-8220-9EC46F245059}.Release|Any CPU.Build.0 = Release|Any CPU
	EndGlobalSection
	GlobalSection(SolutionProperties) = preSolution
		HideSolutionNode = FALSE
	EndGlobalSection
	GlobalSection(ExtensibilityGlobals) = postSolution
		SolutionGuid = {0C364A84-77AF-47E3-A728-77B878C5E94F}
	EndGlobalSection
EndGlobal
